
Microsoft Visual Studio Solution File, Format Version 12.00
# Visual Studio 15
VisualStudioVersion = 15.0.27004.2002
MinimumVisualStudioVersion = 10.0.40219.1
Project("{FAE04EC0-301F-11D3-BF4B-00C04F79EFBC}") = "Pankkiohjelma", "Pankkiohjelma\Pankkiohjelma.csproj", "{99A8EEC9-D3E7-462D-9C36-EE27C538A877}"
EndProject
Global
	GlobalSection(SolutionConfigurationPlatforms) = preSolution
		Debug|Any CPU = Debug|Any CPU
		Release|Any CPU = Release|Any CPU
	EndGlobalSection
	GlobalSection(ProjectConfigurationPlatforms) = postSolution
		{99A8EEC9-D3E7-462D-9C36-EE27C538A877}.Debug|Any CPU.ActiveCfg = Debug|Any CPU
		{99A8EEC9-D3E7-462D-9C36-EE27C538A877}.Debug|Any CPU.Build.0 = Debug|Any CPU
		{99A8EEC9-D3E7-462D-9C36-EE27C538A877}.Release|Any CPU.ActiveCfg = Release|Any CPU
		{99A8EEC9-D3E7-462D-9C36-EE27C538A877}.Release|Any CPU.Build.0 = Release|Any CPU
	EndGlobalSection
	GlobalSection(SolutionProperties) = preSolution
		HideSolutionNode = FALSE
	EndGlobalSection
	GlobalSection(ExtensibilityGlobals) = postSolution
		SolutionGuid = {F019C069-C794-4CD1-8FD2-32060D41A6DA}
	EndGlobalSection
EndGlobal
